<Solution>
  <Configurations>
    <Platform Name="Any CPU" />
    <Platform Name="x64" />
    <Platform Name="x86" />
  </Configurations>
  <Folder Name="/samples/">
    <Project Path="samples/Reactive.Signals.Fetch/Reactive.Signals.Fetch.csproj" />
    <Project Path="samples/Reactive.Simple.Demo/Reactive.Simple.Demo.csproj" />
  </Folder>
  <Folder Name="/src/">
    <Project Path="src/Reactive.Core/Reactive.Core.csproj" />
  </Folder>
</Solution>
